
Microsoft Visual Studio Solution File, Format Version 12.00
# Visual Studio Version 17
VisualStudioVersion = 17.9.34723.18
MinimumVisualStudioVersion = 10.0.40219.1
Project("{FAE04EC0-301F-11D3-BF4B-00C04F79EFBC}") = "WebAPIDemo", "WebAPIDemo\WebAPIDemo.csproj", "{23E5E3D7-1459-4504-A826-0CF0C0DF8939}"
EndProject
Global
	GlobalSection(SolutionConfigurationPlatforms) = preSolution
		Debug|Any CPU = Debug|Any CPU
		Release|Any CPU = Release|Any CPU
	EndGlobalSection
	GlobalSection(ProjectConfigurationPlatforms) = postSolution
		{23E5E3D7-1459-4504-A826-0CF0C0DF8939}.Debug|Any CPU.ActiveCfg = Debug|Any CPU
		{23E5E3D7-1459-4504-A826-0CF0C0DF8939}.Debug|Any CPU.Build.0 = Debug|Any CPU
		{23E5E3D7-1459-4504-A826-0CF0C0DF8939}.Release|Any CPU.ActiveCfg = Release|Any CPU
		{23E5E3D7-1459-4504-A826-0CF0C0DF8939}.Release|Any CPU.Build.0 = Release|Any CPU
	EndGlobalSection
	GlobalSection(SolutionProperties) = preSolution
		HideSolutionNode = FALSE
	EndGlobalSection
	GlobalSection(ExtensibilityGlobals) = postSolution
		SolutionGuid = {B9D19A84-D415-4B60-BAC0-215B4BF7A063}
	EndGlobalSection
EndGlobal
